
Microsoft Visual Studio Solution File, Format Version 12.00
# Visual Studio Version 17
VisualStudioVersion = 17.0.32112.339
MinimumVisualStudioVersion = 10.0.40219.1
Project("{9A19103F-16F7-4668-BE54-9A1E7A4F7556}") = "BUTR.NexusMods.Core", "BUTR.NexusMods.Core\BUTR.NexusMods.Core.csproj", "{9FCE9CF9-2675-443B-BA9A-544F4FCFECAC}"
EndProject
Project("{2150E333-8FDC-42A3-9474-1A3956D46DE8}") = "root", "root", "{09065B42-FCF3-4AEB-A9A6-ABCCD6412712}"
EndProject
Project("{2150E333-8FDC-42A3-9474-1A3956D46DE8}") = "src", "src", "{3A60D0BE-E5F7-4ABD-B3EE-CA6F48CB1DC6}"
EndProject
Project("{2150E333-8FDC-42A3-9474-1A3956D46DE8}") = "workflows", "workflows", "{2EAC0EDA-E62D-4971-B95F-BFBB9CB062F3}"
	ProjectSection(SolutionItems) = preProject
		..\.github\workflows\dotnet-format-daily.yml = ..\.github\workflows\dotnet-format-daily.yml
		..\.github\workflows\publish.yml = ..\.github\workflows\publish.yml
	EndProjectSection
EndProject
Global
	GlobalSection(SolutionConfigurationPlatforms) = preSolution
		Debug|Any CPU = Debug|Any CPU
		Release|Any CPU = Release|Any CPU
	EndGlobalSection
	GlobalSection(ProjectConfigurationPlatforms) = postSolution
		{9FCE9CF9-2675-443B-BA9A-544F4FCFECAC}.Debug|Any CPU.ActiveCfg = Debug|Any CPU
		{9FCE9CF9-2675-443B-BA9A-544F4FCFECAC}.Debug|Any CPU.Build.0 = Debug|Any CPU
		{9FCE9CF9-2675-443B-BA9A-544F4FCFECAC}.Release|Any CPU.ActiveCfg = Release|Any CPU
		{9FCE9CF9-2675-443B-BA9A-544F4FCFECAC}.Release|Any CPU.Build.0 = Release|Any CPU
	EndGlobalSection
	GlobalSection(SolutionProperties) = preSolution
		HideSolutionNode = FALSE
	EndGlobalSection
	GlobalSection(NestedProjects) = preSolution
		{9FCE9CF9-2675-443B-BA9A-544F4FCFECAC} = {3A60D0BE-E5F7-4ABD-B3EE-CA6F48CB1DC6}
		{3A60D0BE-E5F7-4ABD-B3EE-CA6F48CB1DC6} = {09065B42-FCF3-4AEB-A9A6-ABCCD6412712}
		{2EAC0EDA-E62D-4971-B95F-BFBB9CB062F3} = {09065B42-FCF3-4AEB-A9A6-ABCCD6412712}
	EndGlobalSection
	GlobalSection(ExtensibilityGlobals) = postSolution
		SolutionGuid = {7B19301B-6326-4DBD-AE76-53950ADB81E9}
	EndGlobalSection
EndGlobal
